
Microsoft Visual Studio Solution File, Format Version 12.00
# Visual Studio Version 17
VisualStudioVersion = 17.0.31919.166
MinimumVisualStudioVersion = 10.0.40219.1
Project("{FAE04EC0-301F-11D3-BF4B-00C04F79EFBC}") = "IS_Hospital", "IS_Hospital\IS_Hospital.csproj", "{F6E1E009-4703-4339-8DD4-2D3E15E5926F}"
EndProject
Project("{FAE04EC0-301F-11D3-BF4B-00C04F79EFBC}") = "IS_Hospital_Admin", "IS_Hospital_Admin\IS_Hospital_Admin.csproj", "{422DCE7C-5A96-4577-89FB-5E9DEC6CD3C7}"
EndProject
Global
	GlobalSection(SolutionConfigurationPlatforms) = preSolution
		Debug|Any CPU = Debug|Any CPU
		Release|Any CPU = Release|Any CPU
	EndGlobalSection
	GlobalSection(ProjectConfigurationPlatforms) = postSolution
		{F6E1E009-4703-4339-8DD4-2D3E15E5926F}.Debug|Any CPU.ActiveCfg = Debug|Any CPU
		{F6E1E009-4703-4339-8DD4-2D3E15E5926F}.Debug|Any CPU.Build.0 = Debug|Any CPU
		{F6E1E009-4703-4339-8DD4-2D3E15E5926F}.Release|Any CPU.ActiveCfg = Release|Any CPU
		{F6E1E009-4703-4339-8DD4-2D3E15E5926F}.Release|Any CPU.Build.0 = Release|Any CPU
		{422DCE7C-5A96-4577-89FB-5E9DEC6CD3C7}.Debug|Any CPU.ActiveCfg = Debug|Any CPU
		{422DCE7C-5A96-4577-89FB-5E9DEC6CD3C7}.Debug|Any CPU.Build.0 = Debug|Any CPU
		{422DCE7C-5A96-4577-89FB-5E9DEC6CD3C7}.Release|Any CPU.ActiveCfg = Release|Any CPU
		{422DCE7C-5A96-4577-89FB-5E9DEC6CD3C7}.Release|Any CPU.Build.0 = Release|Any CPU
	EndGlobalSection
	GlobalSection(SolutionProperties) = preSolution
		HideSolutionNode = FALSE
	EndGlobalSection
	GlobalSection(ExtensibilityGlobals) = postSolution
		SolutionGuid = {28C04F46-55F5-4641-80A1-D9FDBEA91389}
	EndGlobalSection
EndGlobal
